
Microsoft Visual Studio Solution File, Format Version 12.00
# Visual Studio Version 17
VisualStudioVersion = 17.7.34202.233
MinimumVisualStudioVersion = 10.0.40219.1
Project("{FAE04EC0-301F-11D3-BF4B-00C04F79EFBC}") = "HelloGithub", "HelloGithub\HelloGithub.csproj", "{6564F1E9-04E8-4315-9C16-5E6A6B28CA00}"
EndProject
Global
	GlobalSection(SolutionConfigurationPlatforms) = preSolution
		Debug|Any CPU = Debug|Any CPU
		Release|Any CPU = Release|Any CPU
	EndGlobalSection
	GlobalSection(ProjectConfigurationPlatforms) = postSolution
		{6564F1E9-04E8-4315-9C16-5E6A6B28CA00}.Debug|Any CPU.ActiveCfg = Debug|Any CPU
		{6564F1E9-04E8-4315-9C16-5E6A6B28CA00}.Debug|Any CPU.Build.0 = Debug|Any CPU
		{6564F1E9-04E8-4315-9C16-5E6A6B28CA00}.Release|Any CPU.ActiveCfg = Release|Any CPU
		{6564F1E9-04E8-4315-9C16-5E6A6B28CA00}.Release|Any CPU.Build.0 = Release|Any CPU
	EndGlobalSection
	GlobalSection(SolutionProperties) = preSolution
		HideSolutionNode = FALSE
	EndGlobalSection
	GlobalSection(ExtensibilityGlobals) = postSolution
		SolutionGuid = {B874E8BB-9A03-4024-9099-1DC1C9FCF1B2}
	EndGlobalSection
EndGlobal
